
Microsoft Visual Studio Solution File, Format Version 12.00
# Visual Studio 15
VisualStudioVersion = 15.0.25807.0
MinimumVisualStudioVersion = 10.0.40219.1
Project("{2150E333-8FDC-42A3-9474-1A3956D46DE8}") = "Engine", "Engine", "{94A6C6F3-99B3-346E-9557-ABF9D4064DBD}"
EndProject
Project("{2150E333-8FDC-42A3-9474-1A3956D46DE8}") = "Games", "Games", "{8E2F6A87-1826-34F4-940C-CC23A48F9FE4}"
EndProject
Project("{8BC9CEB8-8B4A-11D0-8D11-00A0C91BC942}") = "cesiumunreal", "Intermediate\ProjectFiles\cesiumunreal.vcxproj", "{569D3DDC-E69D-40D7-A75E-AE12FA90629C}"
EndProject
Project("{8BC9CEB8-8B4A-11D0-8D11-00A0C91BC942}") = "UE4", "Intermediate\ProjectFiles\UE4.vcxproj", "{419168C1-2283-406B-B5DD-4541DED45278}"
EndProject
Project("{2150E333-8FDC-42A3-9474-1A3956D46DE8}") = "Visualizers", "Visualizers", "{1CCEC849-CC72-4C59-8C36-2F7C38706D4C}"
	ProjectSection(SolutionItems) = preProject
		..\..\Program Files\Epic Games\UE_4.25\Engine\Extras\VisualStudioDebugging\UE4.natvis = ..\..\Program Files\Epic Games\UE_4.25\Engine\Extras\VisualStudioDebugging\UE4.natvis
	EndProjectSection
EndProject
Global
	GlobalSection(SolutionConfigurationPlatforms) = preSolution
		DebugGame Editor|Win32 = DebugGame Editor|Win32
		DebugGame Editor|Win64 = DebugGame Editor|Win64
		DebugGame|Win32 = DebugGame|Win32
		DebugGame|Win64 = DebugGame|Win64
		Development Editor|Win32 = Development Editor|Win32
		Development Editor|Win64 = Development Editor|Win64
		Development|Win32 = Development|Win32
		Development|Win64 = Development|Win64
		Shipping|Win32 = Shipping|Win32
		Shipping|Win64 = Shipping|Win64
	EndGlobalSection
	GlobalSection(ProjectConfigurationPlatforms) = postSolution
		{569D3DDC-E69D-40D7-A75E-AE12FA90629C}.DebugGame Editor|Win32.ActiveCfg = Invalid|Win32
		{569D3DDC-E69D-40D7-A75E-AE12FA90629C}.DebugGame Editor|Win64.ActiveCfg = DebugGame_Editor|x64
		{569D3DDC-E69D-40D7-A75E-AE12FA90629C}.DebugGame Editor|Win64.Build.0 = DebugGame_Editor|x64
		{569D3DDC-E69D-40D7-A75E-AE12FA90629C}.DebugGame|Win32.ActiveCfg = DebugGame|Win32
		{569D3DDC-E69D-40D7-A75E-AE12FA90629C}.DebugGame|Win32.Build.0 = DebugGame|Win32
		{569D3DDC-E69D-40D7-A75E-AE12FA90629C}.DebugGame|Win64.ActiveCfg = DebugGame|x64
		{569D3DDC-E69D-40D7-A75E-AE12FA90629C}.DebugGame|Win64.Build.0 = DebugGame|x64
		{569D3DDC-E69D-40D7-A75E-AE12FA90629C}.Development Editor|Win32.ActiveCfg = Invalid|Win32
		{569D3DDC-E69D-40D7-A75E-AE12FA90629C}.Development Editor|Win64.ActiveCfg = Development_Editor|x64
		{569D3DDC-E69D-40D7-A75E-AE12FA90629C}.Development Editor|Win64.Build.0 = Development_Editor|x64
		{569D3DDC-E69D-40D7-A75E-AE12FA90629C}.Development|Win32.ActiveCfg = Development|Win32
		{569D3DDC-E69D-40D7-A75E-AE12FA90629C}.Development|Win32.Build.0 = Development|Win32
		{569D3DDC-E69D-40D7-A75E-AE12FA90629C}.Development|Win64.ActiveCfg = Development|x64
		{569D3DDC-E69D-40D7-A75E-AE12FA90629C}.Development|Win64.Build.0 = Development|x64
		{569D3DDC-E69D-40D7-A75E-AE12FA90629C}.Shipping|Win32.ActiveCfg = Shipping|Win32
		{569D3DDC-E69D-40D7-A75E-AE12FA90629C}.Shipping|Win32.Build.0 = Shipping|Win32
		{569D3DDC-E69D-40D7-A75E-AE12FA90629C}.Shipping|Win64.ActiveCfg = Shipping|x64
		{569D3DDC-E69D-40D7-A75E-AE12FA90629C}.Shipping|Win64.Build.0 = Shipping|x64
		{419168C1-2283-406B-B5DD-4541DED45278}.DebugGame Editor|Win32.ActiveCfg = BuiltWithUnrealBuildTool|Win32
		{419168C1-2283-406B-B5DD-4541DED45278}.DebugGame Editor|Win64.ActiveCfg = BuiltWithUnrealBuildTool|Win32
		{419168C1-2283-406B-B5DD-4541DED45278}.DebugGame|Win32.ActiveCfg = BuiltWithUnrealBuildTool|Win32
		{419168C1-2283-406B-B5DD-4541DED45278}.DebugGame|Win64.ActiveCfg = BuiltWithUnrealBuildTool|Win32
		{419168C1-2283-406B-B5DD-4541DED45278}.Development Editor|Win32.ActiveCfg = BuiltWithUnrealBuildTool|Win32
		{419168C1-2283-406B-B5DD-4541DED45278}.Development Editor|Win64.ActiveCfg = BuiltWithUnrealBuildTool|Win32
		{419168C1-2283-406B-B5DD-4541DED45278}.Development|Win32.ActiveCfg = BuiltWithUnrealBuildTool|Win32
		{419168C1-2283-406B-B5DD-4541DED45278}.Development|Win64.ActiveCfg = BuiltWithUnrealBuildTool|Win32
		{419168C1-2283-406B-B5DD-4541DED45278}.Shipping|Win32.ActiveCfg = BuiltWithUnrealBuildTool|Win32
		{419168C1-2283-406B-B5DD-4541DED45278}.Shipping|Win64.ActiveCfg = BuiltWithUnrealBuildTool|Win32
	EndGlobalSection
	GlobalSection(SolutionProperties) = preSolution
		HideSolutionNode = FALSE
	EndGlobalSection
	GlobalSection(NestedProjects) = preSolution
		{419168C1-2283-406B-B5DD-4541DED45278} = {94A6C6F3-99B3-346E-9557-ABF9D4064DBD}
		{569D3DDC-E69D-40D7-A75E-AE12FA90629C} = {8E2F6A87-1826-34F4-940C-CC23A48F9FE4}
	EndGlobalSection
EndGlobal
